
Microsoft Visual Studio Solution File, Format Version 12.00
# Visual Studio Version 16
VisualStudioVersion = 16.0.30503.244
MinimumVisualStudioVersion = 10.0.40219.1
Project("{FAE04EC0-301F-11D3-BF4B-00C04F79EFBC}") = "ASPNetCoreFirstTestApplication", "ASPNetCoreFirstTestApplication\ASPNetCoreFirstTestApplication.csproj", "{ED899942-0B41-4FFB-9202-2A584C3FF91D}"
EndProject
Global
	GlobalSection(SolutionConfigurationPlatforms) = preSolution
		Debug|Any CPU = Debug|Any CPU
		Release|Any CPU = Release|Any CPU
	EndGlobalSection
	GlobalSection(ProjectConfigurationPlatforms) = postSolution
		{ED899942-0B41-4FFB-9202-2A584C3FF91D}.Debug|Any CPU.ActiveCfg = Debug|Any CPU
		{ED899942-0B41-4FFB-9202-2A584C3FF91D}.Debug|Any CPU.Build.0 = Debug|Any CPU
		{ED899942-0B41-4FFB-9202-2A584C3FF91D}.Release|Any CPU.ActiveCfg = Release|Any CPU
		{ED899942-0B41-4FFB-9202-2A584C3FF91D}.Release|Any CPU.Build.0 = Release|Any CPU
	EndGlobalSection
	GlobalSection(SolutionProperties) = preSolution
		HideSolutionNode = FALSE
	EndGlobalSection
	GlobalSection(ExtensibilityGlobals) = postSolution
		SolutionGuid = {6D1ED746-F2AD-4FB0-881D-378B1BA1A5E5}
	EndGlobalSection
EndGlobal
